
Microsoft Visual Studio Solution File, Format Version 12.00
# Visual Studio Version 17
VisualStudioVersion = 17.4.33103.184
MinimumVisualStudioVersion = 10.0.40219.1
Project("{FAE04EC0-301F-11D3-BF4B-00C04F79EFBC}") = "2gzadanie5", "2gzadanie5\2gzadanie5.csproj", "{28990640-9513-42F4-8F0A-F7666C3CC54A}"
EndProject
Global
	GlobalSection(SolutionConfigurationPlatforms) = preSolution
		Debug|Any CPU = Debug|Any CPU
		Release|Any CPU = Release|Any CPU
	EndGlobalSection
	GlobalSection(ProjectConfigurationPlatforms) = postSolution
		{28990640-9513-42F4-8F0A-F7666C3CC54A}.Debug|Any CPU.ActiveCfg = Debug|Any CPU
		{28990640-9513-42F4-8F0A-F7666C3CC54A}.Debug|Any CPU.Build.0 = Debug|Any CPU
		{28990640-9513-42F4-8F0A-F7666C3CC54A}.Release|Any CPU.ActiveCfg = Release|Any CPU
		{28990640-9513-42F4-8F0A-F7666C3CC54A}.Release|Any CPU.Build.0 = Release|Any CPU
	EndGlobalSection
	GlobalSection(SolutionProperties) = preSolution
		HideSolutionNode = FALSE
	EndGlobalSection
	GlobalSection(ExtensibilityGlobals) = postSolution
		SolutionGuid = {E8D0D3E1-88D9-447A-A9D2-AAEBFE067DC5}
	EndGlobalSection
EndGlobal
